// !$*UTF8*$!
{
	archiveVersion = 1;
	classes = {
	};
	objectVersion = 46;
	objects = {

/* Begin PBXBuildFile section */
		4C006C5B1AB84DA2004BE3C6 /* libgcrypt.a in Frameworks */ = {isa = PBXBuildFile; fileRef = 4C006C571AB84DA2004BE3C6 /* libgcrypt.a */; };
		4C006C5C1AB84DA2004BE3C6 /* libgpg-error.a in Frameworks */ = {isa = PBXBuildFile; fileRef = 4C006C581AB84DA2004BE3C6 /* libgpg-error.a */; };
		4C006C5D1AB84DA2004BE3C6 /* libotr.a in Frameworks */ = {isa = PBXBuildFile; fileRef = 4C006C591AB84DA2004BE3C6 /* libotr.a */; };
		4C006C5F1AB84E19004BE3C6 /* AppKit.framework in Frameworks */ = {isa = PBXBuildFile; fileRef = 4C006C5E1AB84E19004BE3C6 /* AppKit.framework */; };
		4C006C611AB84E22004BE3C6 /* Foundation.framework in Frameworks */ = {isa = PBXBuildFile; fileRef = 4C006C601AB84E22004BE3C6 /* Foundation.framework */; };
		4C050D7D1AB919CA00A75CBC /* ACKNOWLEDGEMENT.txt in Resources */ = {isa = PBXBuildFile; fileRef = 4C050D7C1AB919CA00A75CBC /* ACKNOWLEDGEMENT.txt */; };
		4C325C2B1ABD84800067B902 /* OTRKitConcreteObject.h in Headers */ = {isa = PBXBuildFile; fileRef = 4C325C291ABD84800067B902 /* OTRKitConcreteObject.h */; settings = {ATTRIBUTES = (Public, ); }; };
		4C325C2C1ABD84800067B902 /* OTRKitConcreteObject.m in Sources */ = {isa = PBXBuildFile; fileRef = 4C325C2A1ABD84800067B902 /* OTRKitConcreteObject.m */; };
		4C325C2E1ABD84AC0067B902 /* OTRKitConcreteObjectPrivate.h in Headers */ = {isa = PBXBuildFile; fileRef = 4C325C2D1ABD84AC0067B902 /* OTRKitConcreteObjectPrivate.h */; };
		4C325C301ABD86D00067B902 /* OTRKitPrivate.h in Headers */ = {isa = PBXBuildFile; fileRef = 4C325C2F1ABD86D00067B902 /* OTRKitPrivate.h */; };
		4C3645071ABD08A6002A63AA /* OTRKitFingerprintManagerDialog.h in Headers */ = {isa = PBXBuildFile; fileRef = 4C3645051ABD08A6002A63AA /* OTRKitFingerprintManagerDialog.h */; settings = {ATTRIBUTES = (Public, ); }; };
		4C3645081ABD08A6002A63AA /* OTRKitFingerprintManagerDialog.m in Sources */ = {isa = PBXBuildFile; fileRef = 4C3645061ABD08A6002A63AA /* OTRKitFingerprintManagerDialog.m */; };
		4C36450A1ABD0CE3002A63AA /* OTRKitFingerprintManagerDialogPrivate.h in Headers */ = {isa = PBXBuildFile; fileRef = 4C3645091ABD0CE3002A63AA /* OTRKitFingerprintManagerDialogPrivate.h */; };
		4C4AC33F1CCC040D00FA336E /* OTRKitAutoExpandingTextField.h in Headers */ = {isa = PBXBuildFile; fileRef = 4C4AC33D1CCC040D00FA336E /* OTRKitAutoExpandingTextField.h */; };
		4C4AC3401CCC040D00FA336E /* OTRKitAutoExpandingTextField.m in Sources */ = {isa = PBXBuildFile; fileRef = 4C4AC33E1CCC040D00FA336E /* OTRKitAutoExpandingTextField.m */; };
		4C4AC3431CCC395C00FA336E /* OTRKitAuthenticationDialogIncoming.m in Sources */ = {isa = PBXBuildFile; fileRef = 4C4AC3411CCC395C00FA336E /* OTRKitAuthenticationDialogIncoming.m */; };
		4C4AC3441CCC395C00FA336E /* OTRKitAuthenticationDialogOutgoing.m in Sources */ = {isa = PBXBuildFile; fileRef = 4C4AC3421CCC395C00FA336E /* OTRKitAuthenticationDialogOutgoing.m */; };
		4C4DDA7C1AAF6D5C00AB43DC /* OTRKit.h in Headers */ = {isa = PBXBuildFile; fileRef = 4C4DDA781AAF6D5C00AB43DC /* OTRKit.h */; settings = {ATTRIBUTES = (Public, ); }; };
		4C4DDA7D1AAF6D5C00AB43DC /* OTRKit.m in Sources */ = {isa = PBXBuildFile; fileRef = 4C4DDA791AAF6D5C00AB43DC /* OTRKit.m */; };
		4C4DDA7E1AAF6D5C00AB43DC /* OTRTLV.h in Headers */ = {isa = PBXBuildFile; fileRef = 4C4DDA7A1AAF6D5C00AB43DC /* OTRTLV.h */; settings = {ATTRIBUTES = (Public, ); }; };
		4C4DDA7F1AAF6D5C00AB43DC /* OTRTLV.m in Sources */ = {isa = PBXBuildFile; fileRef = 4C4DDA7B1AAF6D5C00AB43DC /* OTRTLV.m */; };
		4C505FA01F37AEDF00FDE3B9 /* LICENSE-OTRKit.txt in CopyFiles */ = {isa = PBXBuildFile; fileRef = 4C505F8E1F37AED600FDE3B9 /* LICENSE-OTRKit.txt */; };
		4C505FA11F37AEDF00FDE3B9 /* LICENSE-MPLv2-0.txt in CopyFiles */ = {isa = PBXBuildFile; fileRef = 4C505F9E1F37AED600FDE3B9 /* LICENSE-MPLv2-0.txt */; };
		4C505FA21F37AEDF00FDE3B9 /* LICENSE-GPLv2-1.txt in CopyFiles */ = {isa = PBXBuildFile; fileRef = 4C505F9F1F37AED600FDE3B9 /* LICENSE-GPLv2-1.txt */; };
		4C5229E71AB7E2A100731463 /* OTRKitAuthenticationDialogWindowManager.h in Headers */ = {isa = PBXBuildFile; fileRef = 4C5229E51AB7E2A100731463 /* OTRKitAuthenticationDialogWindowManager.h */; };
		4C5229E81AB7E2A100731463 /* OTRKitAuthenticationDialogWindowManager.m in Sources */ = {isa = PBXBuildFile; fileRef = 4C5229E61AB7E2A100731463 /* OTRKitAuthenticationDialogWindowManager.m */; };
		4C6990611A91010B00FB41B9 /* EncryptionKit_Prefix.pch in Headers */ = {isa = PBXBuildFile; fileRef = 4C6990601A91010B00FB41B9 /* EncryptionKit_Prefix.pch */; };
		4C779C9D22A8F2E1006D780C /* OTRKitFingerprintManagerDialog.strings in Resources */ = {isa = PBXBuildFile; fileRef = 4C779C9922A8F2E1006D780C /* OTRKitFingerprintManagerDialog.strings */; };
		4C779C9E22A8F2E1006D780C /* OTRKitAuthenticationDialog.strings in Resources */ = {isa = PBXBuildFile; fileRef = 4C779C9B22A8F2E1006D780C /* OTRKitAuthenticationDialog.strings */; };
		4C7A18071ABE43E800EB304A /* EncryptionKit.h in Headers */ = {isa = PBXBuildFile; fileRef = 4C7A18061ABE43E800EB304A /* EncryptionKit.h */; settings = {ATTRIBUTES = (Public, ); }; };
		4C97D00420F2855100656EB0 /* OTRKitAuthenticationDialogOutgoing.xib in Resources */ = {isa = PBXBuildFile; fileRef = 4C97CFFE20F2855100656EB0 /* OTRKitAuthenticationDialogOutgoing.xib */; };
		4C97D00520F2855100656EB0 /* OTRKitFingerprintManagerDialog.xib in Resources */ = {isa = PBXBuildFile; fileRef = 4C97D00020F2855100656EB0 /* OTRKitFingerprintManagerDialog.xib */; };
		4C97D00620F2855100656EB0 /* OTRKitAuthenticationDialogIncoming.xib in Resources */ = {isa = PBXBuildFile; fileRef = 4C97D00220F2855100656EB0 /* OTRKitAuthenticationDialogIncoming.xib */; };
		4C9A21AC1AB68A750057677D /* OTRKitAuthenticationDialog.h in Headers */ = {isa = PBXBuildFile; fileRef = 4C9A21AA1AB68A750057677D /* OTRKitAuthenticationDialog.h */; settings = {ATTRIBUTES = (Public, ); }; };
		4C9A21AD1AB68A750057677D /* OTRKitAuthenticationDialog.m in Sources */ = {isa = PBXBuildFile; fileRef = 4C9A21AB1AB68A750057677D /* OTRKitAuthenticationDialog.m */; };
		4CB8782B1AB794E30033282C /* OTRKitAuthenticationDialogPrivate.h in Headers */ = {isa = PBXBuildFile; fileRef = 4CB8782A1AB794E30033282C /* OTRKitAuthenticationDialogPrivate.h */; };
		4CB998411ABD1FD000BE7ADD /* OTRKitFrameworkHelpers.h in Headers */ = {isa = PBXBuildFile; fileRef = 4CB9983F1ABD1FD000BE7ADD /* OTRKitFrameworkHelpers.h */; };
		4CB998421ABD1FD000BE7ADD /* OTRKitFrameworkHelpers.m in Sources */ = {isa = PBXBuildFile; fileRef = 4CB998401ABD1FD000BE7ADD /* OTRKitFrameworkHelpers.m */; };
		4CCA0AD51F37AF1C009BF01C /* LICENSES in CopyFiles */ = {isa = PBXBuildFile; fileRef = 4C505F951F37AED600FDE3B9 /* LICENSES */; };
		4CCA0AD61F37AF1C009BF01C /* AUTHORS in CopyFiles */ = {isa = PBXBuildFile; fileRef = 4C505F961F37AED600FDE3B9 /* AUTHORS */; };
		4CCA0AD71F37AF1C009BF01C /* COPYING.LIB in CopyFiles */ = {isa = PBXBuildFile; fileRef = 4C505F971F37AED600FDE3B9 /* COPYING.LIB */; };
		4CCA0AD81F37AF1C009BF01C /* COPYING in CopyFiles */ = {isa = PBXBuildFile; fileRef = 4C505F981F37AED600FDE3B9 /* COPYING */; };
		4CCA0AD91F37AF1C009BF01C /* THANKS in CopyFiles */ = {isa = PBXBuildFile; fileRef = 4C505F991F37AED600FDE3B9 /* THANKS */; };
		4CCA0ADB1F37AF31009BF01C /* AUTHORS in CopyFiles */ = {isa = PBXBuildFile; fileRef = 4C505F901F37AED600FDE3B9 /* AUTHORS */; };
		4CCA0ADC1F37AF31009BF01C /* COPYING.LIB in CopyFiles */ = {isa = PBXBuildFile; fileRef = 4C505F911F37AED600FDE3B9 /* COPYING.LIB */; };
		4CCA0ADD1F37AF31009BF01C /* COPYING in CopyFiles */ = {isa = PBXBuildFile; fileRef = 4C505F921F37AED600FDE3B9 /* COPYING */; };
		4CCA0ADE1F37AF31009BF01C /* THANKS in CopyFiles */ = {isa = PBXBuildFile; fileRef = 4C505F931F37AED600FDE3B9 /* THANKS */; };
		4CCA0AE01F37AF4B009BF01C /* AUTHORS in CopyFiles */ = {isa = PBXBuildFile; fileRef = 4C505F9B1F37AED600FDE3B9 /* AUTHORS */; };
		4CCA0AE11F37AF4B009BF01C /* COPYING.LIB in CopyFiles */ = {isa = PBXBuildFile; fileRef = 4C505F9C1F37AED600FDE3B9 /* COPYING.LIB */; };
		4CCA0AE21F37AF4B009BF01C /* COPYING in CopyFiles */ = {isa = PBXBuildFile; fileRef = 4C505F9D1F37AED600FDE3B9 /* COPYING */; };
		4CCA0AE31F37AF79009BF01C /* LICENSE.txt in Resources */ = {isa = PBXBuildFile; fileRef = 4C8699EB1AB814BC00C22DEF /* LICENSE.txt */; };
/* End PBXBuildFile section */

/* Begin PBXCopyFilesBuildPhase section */
		4C505F8C1F37AEBF00FDE3B9 /* CopyFiles */ = {
			isa = PBXCopyFilesBuildPhase;
			buildActionMask = 2147483647;
			dstPath = Documentation;
			dstSubfolderSpec = 7;
			files = (
				4C505FA01F37AEDF00FDE3B9 /* LICENSE-OTRKit.txt in CopyFiles */,
				4C505FA11F37AEDF00FDE3B9 /* LICENSE-MPLv2-0.txt in CopyFiles */,
				4C505FA21F37AEDF00FDE3B9 /* LICENSE-GPLv2-1.txt in CopyFiles */,
			);
			runOnlyForDeploymentPostprocessing = 0;
		};
		4CCA0AD41F37AF0E009BF01C /* CopyFiles */ = {
			isa = PBXCopyFilesBuildPhase;
			buildActionMask = 2147483647;
			dstPath = Documentation/libgcrypt;
			dstSubfolderSpec = 7;
			files = (
				4CCA0AD51F37AF1C009BF01C /* LICENSES in CopyFiles */,
				4CCA0AD61F37AF1C009BF01C /* AUTHORS in CopyFiles */,
				4CCA0AD71F37AF1C009BF01C /* COPYING.LIB in CopyFiles */,
				4CCA0AD81F37AF1C009BF01C /* COPYING in CopyFiles */,
				4CCA0AD91F37AF1C009BF01C /* THANKS in CopyFiles */,
			);
			runOnlyForDeploymentPostprocessing = 0;
		};
		4CCA0ADA1F37AF21009BF01C /* CopyFiles */ = {
			isa = PBXCopyFilesBuildPhase;
			buildActionMask = 2147483647;
			dstPath = "Documentation/libgpg-error";
			dstSubfolderSpec = 7;
			files = (
				4CCA0ADB1F37AF31009BF01C /* AUTHORS in CopyFiles */,
				4CCA0ADC1F37AF31009BF01C /* COPYING.LIB in CopyFiles */,
				4CCA0ADD1F37AF31009BF01C /* COPYING in CopyFiles */,
				4CCA0ADE1F37AF31009BF01C /* THANKS in CopyFiles */,
			);
			runOnlyForDeploymentPostprocessing = 0;
		};
		4CCA0ADF1F37AF42009BF01C /* CopyFiles */ = {
			isa = PBXCopyFilesBuildPhase;
			buildActionMask = 2147483647;
			dstPath = Documentation/libotr;
			dstSubfolderSpec = 7;
			files = (
				4CCA0AE01F37AF4B009BF01C /* AUTHORS in CopyFiles */,
				4CCA0AE11F37AF4B009BF01C /* COPYING.LIB in CopyFiles */,
				4CCA0AE21F37AF4B009BF01C /* COPYING in CopyFiles */,
			);
			runOnlyForDeploymentPostprocessing = 0;
		};
/* End PBXCopyFilesBuildPhase section */

/* Begin PBXFileReference section */
		4C006C571AB84DA2004BE3C6 /* libgcrypt.a */ = {isa = PBXFileReference; lastKnownFileType = archive.ar; name = libgcrypt.a; path = "/Users/michael/Projects/Textual/Frameworks/Encryption Kit/Libraries/Libraries/libgcrypt.a"; sourceTree = "<absolute>"; };
		4C006C581AB84DA2004BE3C6 /* libgpg-error.a */ = {isa = PBXFileReference; lastKnownFileType = archive.ar; name = "libgpg-error.a"; path = "/Users/michael/Projects/Textual/Frameworks/Encryption Kit/Libraries/Libraries/libgpg-error.a"; sourceTree = "<absolute>"; };
		4C006C591AB84DA2004BE3C6 /* libotr.a */ = {isa = PBXFileReference; lastKnownFileType = archive.ar; name = libotr.a; path = "/Users/michael/Projects/Textual/Frameworks/Encryption Kit/Libraries/Libraries/libotr.a"; sourceTree = "<absolute>"; };
		4C006C5E1AB84E19004BE3C6 /* AppKit.framework */ = {isa = PBXFileReference; lastKnownFileType = wrapper.framework; name = AppKit.framework; path = System/Library/Frameworks/AppKit.framework; sourceTree = SDKROOT; };
		4C006C601AB84E22004BE3C6 /* Foundation.framework */ = {isa = PBXFileReference; lastKnownFileType = wrapper.framework; name = Foundation.framework; path = System/Library/Frameworks/Foundation.framework; sourceTree = SDKROOT; };
		4C050D7C1AB919CA00A75CBC /* ACKNOWLEDGEMENT.txt */ = {isa = PBXFileReference; fileEncoding = 4; lastKnownFileType = text; path = ACKNOWLEDGEMENT.txt; sourceTree = "<group>"; };
		4C325C291ABD84800067B902 /* OTRKitConcreteObject.h */ = {isa = PBXFileReference; fileEncoding = 4; lastKnownFileType = sourcecode.c.h; name = OTRKitConcreteObject.h; path = Classes/OTRKitConcreteObject.h; sourceTree = "<group>"; };
		4C325C2A1ABD84800067B902 /* OTRKitConcreteObject.m */ = {isa = PBXFileReference; fileEncoding = 4; lastKnownFileType = sourcecode.c.objc; name = OTRKitConcreteObject.m; path = Classes/OTRKitConcreteObject.m; sourceTree = "<group>"; };
		4C325C2D1ABD84AC0067B902 /* OTRKitConcreteObjectPrivate.h */ = {isa = PBXFileReference; fileEncoding = 4; lastKnownFileType = sourcecode.c.h; name = OTRKitConcreteObjectPrivate.h; path = Classes/OTRKitConcreteObjectPrivate.h; sourceTree = "<group>"; };
		4C325C2F1ABD86D00067B902 /* OTRKitPrivate.h */ = {isa = PBXFileReference; fileEncoding = 4; lastKnownFileType = sourcecode.c.h; name = OTRKitPrivate.h; path = Classes/OTRKitPrivate.h; sourceTree = "<group>"; };
		4C3645051ABD08A6002A63AA /* OTRKitFingerprintManagerDialog.h */ = {isa = PBXFileReference; fileEncoding = 4; lastKnownFileType = sourcecode.c.h; name = OTRKitFingerprintManagerDialog.h; path = Classes/OTRKitFingerprintManagerDialog.h; sourceTree = "<group>"; };
		4C3645061ABD08A6002A63AA /* OTRKitFingerprintManagerDialog.m */ = {isa = PBXFileReference; fileEncoding = 4; lastKnownFileType = sourcecode.c.objc; name = OTRKitFingerprintManagerDialog.m; path = Classes/OTRKitFingerprintManagerDialog.m; sourceTree = "<group>"; };
		4C3645091ABD0CE3002A63AA /* OTRKitFingerprintManagerDialogPrivate.h */ = {isa = PBXFileReference; fileEncoding = 4; lastKnownFileType = sourcecode.c.h; name = OTRKitFingerprintManagerDialogPrivate.h; path = Classes/OTRKitFingerprintManagerDialogPrivate.h; sourceTree = "<group>"; };
		4C4AC33D1CCC040D00FA336E /* OTRKitAutoExpandingTextField.h */ = {isa = PBXFileReference; fileEncoding = 4; lastKnownFileType = sourcecode.c.h; name = OTRKitAutoExpandingTextField.h; path = Classes/OTRKitAutoExpandingTextField.h; sourceTree = "<group>"; };
		4C4AC33E1CCC040D00FA336E /* OTRKitAutoExpandingTextField.m */ = {isa = PBXFileReference; fileEncoding = 4; lastKnownFileType = sourcecode.c.objc; name = OTRKitAutoExpandingTextField.m; path = Classes/OTRKitAutoExpandingTextField.m; sourceTree = "<group>"; };
		4C4AC3411CCC395C00FA336E /* OTRKitAuthenticationDialogIncoming.m */ = {isa = PBXFileReference; fileEncoding = 4; lastKnownFileType = sourcecode.c.objc; name = OTRKitAuthenticationDialogIncoming.m; path = Classes/OTRKitAuthenticationDialogIncoming.m; sourceTree = "<group>"; };
		4C4AC3421CCC395C00FA336E /* OTRKitAuthenticationDialogOutgoing.m */ = {isa = PBXFileReference; fileEncoding = 4; lastKnownFileType = sourcecode.c.objc; name = OTRKitAuthenticationDialogOutgoing.m; path = Classes/OTRKitAuthenticationDialogOutgoing.m; sourceTree = "<group>"; };
		4C4DDA781AAF6D5C00AB43DC /* OTRKit.h */ = {isa = PBXFileReference; fileEncoding = 4; lastKnownFileType = sourcecode.c.h; name = OTRKit.h; path = Classes/OTRKit.h; sourceTree = "<group>"; };
		4C4DDA791AAF6D5C00AB43DC /* OTRKit.m */ = {isa = PBXFileReference; fileEncoding = 4; lastKnownFileType = sourcecode.c.objc; name = OTRKit.m; path = Classes/OTRKit.m; sourceTree = "<group>"; };
		4C4DDA7A1AAF6D5C00AB43DC /* OTRTLV.h */ = {isa = PBXFileReference; fileEncoding = 4; lastKnownFileType = sourcecode.c.h; name = OTRTLV.h; path = Classes/OTRTLV.h; sourceTree = "<group>"; };
		4C4DDA7B1AAF6D5C00AB43DC /* OTRTLV.m */ = {isa = PBXFileReference; fileEncoding = 4; lastKnownFileType = sourcecode.c.objc; name = OTRTLV.m; path = Classes/OTRTLV.m; sourceTree = "<group>"; };
		4C505F8E1F37AED600FDE3B9 /* LICENSE-OTRKit.txt */ = {isa = PBXFileReference; lastKnownFileType = text; path = "LICENSE-OTRKit.txt"; sourceTree = "<group>"; };
		4C505F901F37AED600FDE3B9 /* AUTHORS */ = {isa = PBXFileReference; lastKnownFileType = text; path = AUTHORS; sourceTree = "<group>"; };
		4C505F911F37AED600FDE3B9 /* COPYING.LIB */ = {isa = PBXFileReference; lastKnownFileType = text; path = COPYING.LIB; sourceTree = "<group>"; };
		4C505F921F37AED600FDE3B9 /* COPYING */ = {isa = PBXFileReference; lastKnownFileType = text; path = COPYING; sourceTree = "<group>"; };
		4C505F931F37AED600FDE3B9 /* THANKS */ = {isa = PBXFileReference; lastKnownFileType = text; path = THANKS; sourceTree = "<group>"; };
		4C505F951F37AED600FDE3B9 /* LICENSES */ = {isa = PBXFileReference; lastKnownFileType = text; path = LICENSES; sourceTree = "<group>"; };
		4C505F961F37AED600FDE3B9 /* AUTHORS */ = {isa = PBXFileReference; lastKnownFileType = text; path = AUTHORS; sourceTree = "<group>"; };
		4C505F971F37AED600FDE3B9 /* COPYING.LIB */ = {isa = PBXFileReference; lastKnownFileType = text; path = COPYING.LIB; sourceTree = "<group>"; };
		4C505F981F37AED600FDE3B9 /* COPYING */ = {isa = PBXFileReference; lastKnownFileType = text; path = COPYING; sourceTree = "<group>"; };
		4C505F991F37AED600FDE3B9 /* THANKS */ = {isa = PBXFileReference; lastKnownFileType = text; path = THANKS; sourceTree = "<group>"; };
		4C505F9B1F37AED600FDE3B9 /* AUTHORS */ = {isa = PBXFileReference; lastKnownFileType = text; path = AUTHORS; sourceTree = "<group>"; };
		4C505F9C1F37AED600FDE3B9 /* COPYING.LIB */ = {isa = PBXFileReference; lastKnownFileType = text; path = COPYING.LIB; sourceTree = "<group>"; };
		4C505F9D1F37AED600FDE3B9 /* COPYING */ = {isa = PBXFileReference; lastKnownFileType = text; path = COPYING; sourceTree = "<group>"; };
		4C505F9E1F37AED600FDE3B9 /* LICENSE-MPLv2-0.txt */ = {isa = PBXFileReference; lastKnownFileType = text; path = "LICENSE-MPLv2-0.txt"; sourceTree = "<group>"; };
		4C505F9F1F37AED600FDE3B9 /* LICENSE-GPLv2-1.txt */ = {isa = PBXFileReference; lastKnownFileType = text; path = "LICENSE-GPLv2-1.txt"; sourceTree = "<group>"; };
		4C5229E51AB7E2A100731463 /* OTRKitAuthenticationDialogWindowManager.h */ = {isa = PBXFileReference; fileEncoding = 4; lastKnownFileType = sourcecode.c.h; name = OTRKitAuthenticationDialogWindowManager.h; path = Classes/OTRKitAuthenticationDialogWindowManager.h; sourceTree = "<group>"; };
		4C5229E61AB7E2A100731463 /* OTRKitAuthenticationDialogWindowManager.m */ = {isa = PBXFileReference; fileEncoding = 4; lastKnownFileType = sourcecode.c.objc; name = OTRKitAuthenticationDialogWindowManager.m; path = Classes/OTRKitAuthenticationDialogWindowManager.m; sourceTree = "<group>"; };
		4C6990601A91010B00FB41B9 /* EncryptionKit_Prefix.pch */ = {isa = PBXFileReference; fileEncoding = 4; lastKnownFileType = sourcecode.c.h; name = EncryptionKit_Prefix.pch; path = Classes/EncryptionKit_Prefix.pch; sourceTree = "<group>"; };
		4C6990641A91015C00FB41B9 /* Info.plist */ = {isa = PBXFileReference; lastKnownFileType = text.plist.xml; name = Info.plist; path = Resources/Info.plist; sourceTree = "<group>"; };
		4C779C9622A8F2A9006D780C /* Base */ = {isa = PBXFileReference; lastKnownFileType = file.xib; name = Base; path = "Resources/User Interface/Base.lproj/OTRKitAuthenticationDialogIncoming.xib"; sourceTree = "<group>"; };
		4C779C9722A8F2A9006D780C /* Base */ = {isa = PBXFileReference; lastKnownFileType = file.xib; name = Base; path = "Resources/User Interface/Base.lproj/OTRKitAuthenticationDialogOutgoing.xib"; sourceTree = "<group>"; };
		4C779C9822A8F2A9006D780C /* Base */ = {isa = PBXFileReference; lastKnownFileType = file.xib; name = Base; path = "Resources/User Interface/Base.lproj/OTRKitFingerprintManagerDialog.xib"; sourceTree = "<group>"; };
		4C779C9A22A8F2E1006D780C /* Base */ = {isa = PBXFileReference; lastKnownFileType = text.plist.strings; name = Base; path = "Resources/Language Files/Base.lproj/OTRKitFingerprintManagerDialog.strings"; sourceTree = "<group>"; };
		4C779C9C22A8F2E1006D780C /* Base */ = {isa = PBXFileReference; lastKnownFileType = text.plist.strings; name = Base; path = "Resources/Language Files/Base.lproj/OTRKitAuthenticationDialog.strings"; sourceTree = "<group>"; };
		4C7A18061ABE43E800EB304A /* EncryptionKit.h */ = {isa = PBXFileReference; fileEncoding = 4; lastKnownFileType = sourcecode.c.h; name = EncryptionKit.h; path = Classes/EncryptionKit.h; sourceTree = "<group>"; };
		4C8699EB1AB814BC00C22DEF /* LICENSE.txt */ = {isa = PBXFileReference; fileEncoding = 4; lastKnownFileType = text; path = LICENSE.txt; sourceTree = "<group>"; };
		4C9A21AA1AB68A750057677D /* OTRKitAuthenticationDialog.h */ = {isa = PBXFileReference; fileEncoding = 4; lastKnownFileType = sourcecode.c.h; name = OTRKitAuthenticationDialog.h; path = Classes/OTRKitAuthenticationDialog.h; sourceTree = "<group>"; };
		4C9A21AB1AB68A750057677D /* OTRKitAuthenticationDialog.m */ = {isa = PBXFileReference; fileEncoding = 4; lastKnownFileType = sourcecode.c.objc; name = OTRKitAuthenticationDialog.m; path = Classes/OTRKitAuthenticationDialog.m; sourceTree = "<group>"; };
		4CB8782A1AB794E30033282C /* OTRKitAuthenticationDialogPrivate.h */ = {isa = PBXFileReference; fileEncoding = 4; lastKnownFileType = sourcecode.c.h; name = OTRKitAuthenticationDialogPrivate.h; path = Classes/OTRKitAuthenticationDialogPrivate.h; sourceTree = "<group>"; };
		4CB9983F1ABD1FD000BE7ADD /* OTRKitFrameworkHelpers.h */ = {isa = PBXFileReference; fileEncoding = 4; lastKnownFileType = sourcecode.c.h; name = OTRKitFrameworkHelpers.h; path = Classes/OTRKitFrameworkHelpers.h; sourceTree = "<group>"; };
		4CB998401ABD1FD000BE7ADD /* OTRKitFrameworkHelpers.m */ = {isa = PBXFileReference; fileEncoding = 4; lastKnownFileType = sourcecode.c.objc; name = OTRKitFrameworkHelpers.m; path = Classes/OTRKitFrameworkHelpers.m; sourceTree = "<group>"; };
		4CF40F771AC1A6D300A26BE0 /* Build Configuration.xcconfig */ = {isa = PBXFileReference; fileEncoding = 4; lastKnownFileType = text.xcconfig; name = "Build Configuration.xcconfig"; path = "Resources/Build Configuration/Build Configuration.xcconfig"; sourceTree = SOURCE_ROOT; };
		8DC2EF5B0486A6940098B216 /* EncryptionKit.framework */ = {isa = PBXFileReference; explicitFileType = wrapper.framework; includeInIndex = 0; path = EncryptionKit.framework; sourceTree = BUILT_PRODUCTS_DIR; };
/* End PBXFileReference section */

/* Begin PBXFrameworksBuildPhase section */
		8DC2EF560486A6940098B216 /* Frameworks */ = {
			isa = PBXFrameworksBuildPhase;
			buildActionMask = 2147483647;
			files = (
				4C006C5F1AB84E19004BE3C6 /* AppKit.framework in Frameworks */,
				4C006C611AB84E22004BE3C6 /* Foundation.framework in Frameworks */,
				4C006C5B1AB84DA2004BE3C6 /* libgcrypt.a in Frameworks */,
				4C006C5C1AB84DA2004BE3C6 /* libgpg-error.a in Frameworks */,
				4C006C5D1AB84DA2004BE3C6 /* libotr.a in Frameworks */,
			);
			runOnlyForDeploymentPostprocessing = 0;
		};
/* End PBXFrameworksBuildPhase section */

/* Begin PBXGroup section */
		034768DFFF38A50411DB9C8B /* Products */ = {
			isa = PBXGroup;
			children = (
				8DC2EF5B0486A6940098B216 /* EncryptionKit.framework */,
			);
			name = Products;
			sourceTree = "<group>";
		};
		0867D691FE84028FC02AAC07 /* BlowfishEncryption */ = {
			isa = PBXGroup;
			children = (
				4C6990651A91016300FB41B9 /* Build Configuration */,
				4C1AD69F12DF617E00B4AD56 /* Classes */,
				089C1665FE841158C02AAC07 /* Resources */,
				0867D69AFE84028FC02AAC07 /* Frameworks */,
				034768DFFF38A50411DB9C8B /* Products */,
			);
			name = BlowfishEncryption;
			sourceTree = "<group>";
		};
		0867D69AFE84028FC02AAC07 /* Frameworks */ = {
			isa = PBXGroup;
			children = (
				4C1AD6FC12DF624600B4AD56 /* Libraries */,
				1058C7B2FEA5585E11CA2CBB /* Other Frameworks */,
			);
			name = Frameworks;
			sourceTree = "<group>";
		};
		089C1665FE841158C02AAC07 /* Resources */ = {
			isa = PBXGroup;
			children = (
				4C69906B1A91017500FB41B9 /* Documents */,
				4CB26E3C1F44359E00E69C95 /* Language Files */,
				4CF40F761AC1A67100A26BE0 /* Property Lists */,
				4C9A21A61AB689F80057677D /* User Interface */,
			);
			name = Resources;
			sourceTree = "<group>";
		};
		1058C7B2FEA5585E11CA2CBB /* Other Frameworks */ = {
			isa = PBXGroup;
			children = (
				4C006C5E1AB84E19004BE3C6 /* AppKit.framework */,
				4C006C601AB84E22004BE3C6 /* Foundation.framework */,
			);
			name = "Other Frameworks";
			sourceTree = "<group>";
		};
		32C88DFF0371C24200C91783 /* Other Sources */ = {
			isa = PBXGroup;
			children = (
				4C7A18061ABE43E800EB304A /* EncryptionKit.h */,
				4C6990601A91010B00FB41B9 /* EncryptionKit_Prefix.pch */,
			);
			name = "Other Sources";
			sourceTree = "<group>";
		};
		4C1AD69F12DF617E00B4AD56 /* Classes */ = {
			isa = PBXGroup;
			children = (
				4C1AD6AF12DF618E00B4AD56 /* Framework */,
				32C88DFF0371C24200C91783 /* Other Sources */,
			);
			name = Classes;
			sourceTree = "<group>";
		};
		4C1AD6AF12DF618E00B4AD56 /* Framework */ = {
			isa = PBXGroup;
			children = (
				4C4DDA771AAF6D4600AB43DC /* Off-the-Record Messaging */,
			);
			name = Framework;
			sourceTree = "<group>";
		};
		4C1AD6FC12DF624600B4AD56 /* Libraries */ = {
			isa = PBXGroup;
			children = (
				4C006C571AB84DA2004BE3C6 /* libgcrypt.a */,
				4C006C581AB84DA2004BE3C6 /* libgpg-error.a */,
				4C006C591AB84DA2004BE3C6 /* libotr.a */,
			);
			name = Libraries;
			sourceTree = "<group>";
		};
		4C4DDA771AAF6D4600AB43DC /* Off-the-Record Messaging */ = {
			isa = PBXGroup;
			children = (
				4CB998491ABD246400BE7ADD /* Dialogs */,
				4CB998481ABD245E00BE7ADD /* Core */,
			);
			name = "Off-the-Record Messaging";
			sourceTree = "<group>";
		};
		4C505F8D1F37AED600FDE3B9 /* Documentation */ = {
			isa = PBXGroup;
			children = (
				4C505F941F37AED600FDE3B9 /* libgcrypt */,
				4C505F9A1F37AED600FDE3B9 /* libotr */,
				4C505F8F1F37AED600FDE3B9 /* libgpg-error */,
				4C505F8E1F37AED600FDE3B9 /* LICENSE-OTRKit.txt */,
				4C505F9E1F37AED600FDE3B9 /* LICENSE-MPLv2-0.txt */,
				4C505F9F1F37AED600FDE3B9 /* LICENSE-GPLv2-1.txt */,
			);
			path = Documentation;
			sourceTree = "<group>";
		};
		4C505F8F1F37AED600FDE3B9 /* libgpg-error */ = {
			isa = PBXGroup;
			children = (
				4C505F901F37AED600FDE3B9 /* AUTHORS */,
				4C505F911F37AED600FDE3B9 /* COPYING.LIB */,
				4C505F921F37AED600FDE3B9 /* COPYING */,
				4C505F931F37AED600FDE3B9 /* THANKS */,
			);
			path = "libgpg-error";
			sourceTree = "<group>";
		};
		4C505F941F37AED600FDE3B9 /* libgcrypt */ = {
			isa = PBXGroup;
			children = (
				4C505F951F37AED600FDE3B9 /* LICENSES */,
				4C505F961F37AED600FDE3B9 /* AUTHORS */,
				4C505F971F37AED600FDE3B9 /* COPYING.LIB */,
				4C505F981F37AED600FDE3B9 /* COPYING */,
				4C505F991F37AED600FDE3B9 /* THANKS */,
			);
			path = libgcrypt;
			sourceTree = "<group>";
		};
		4C505F9A1F37AED600FDE3B9 /* libotr */ = {
			isa = PBXGroup;
			children = (
				4C505F9B1F37AED600FDE3B9 /* AUTHORS */,
				4C505F9C1F37AED600FDE3B9 /* COPYING.LIB */,
				4C505F9D1F37AED600FDE3B9 /* COPYING */,
			);
			path = libotr;
			sourceTree = "<group>";
		};
		4C6990651A91016300FB41B9 /* Build Configuration */ = {
			isa = PBXGroup;
			children = (
				4CF40F771AC1A6D300A26BE0 /* Build Configuration.xcconfig */,
			);
			name = "Build Configuration";
			sourceTree = "<group>";
		};
		4C69906B1A91017500FB41B9 /* Documents */ = {
			isa = PBXGroup;
			children = (
				4C505F8D1F37AED600FDE3B9 /* Documentation */,
				4C050D7C1AB919CA00A75CBC /* ACKNOWLEDGEMENT.txt */,
				4C8699EB1AB814BC00C22DEF /* LICENSE.txt */,
			);
			name = Documents;
			sourceTree = "<group>";
		};
		4C9A21A61AB689F80057677D /* User Interface */ = {
			isa = PBXGroup;
			children = (
				4C97D00220F2855100656EB0 /* OTRKitAuthenticationDialogIncoming.xib */,
				4C97CFFE20F2855100656EB0 /* OTRKitAuthenticationDialogOutgoing.xib */,
				4C97D00020F2855100656EB0 /* OTRKitFingerprintManagerDialog.xib */,
			);
			name = "User Interface";
			sourceTree = "<group>";
		};
		4CB26E3C1F44359E00E69C95 /* Language Files */ = {
			isa = PBXGroup;
			children = (
				4C779C9B22A8F2E1006D780C /* OTRKitAuthenticationDialog.strings */,
				4C779C9922A8F2E1006D780C /* OTRKitFingerprintManagerDialog.strings */,
			);
			name = "Language Files";
			sourceTree = "<group>";
		};
		4CB998481ABD245E00BE7ADD /* Core */ = {
			isa = PBXGroup;
			children = (
				4C4DDA781AAF6D5C00AB43DC /* OTRKit.h */,
				4C4DDA791AAF6D5C00AB43DC /* OTRKit.m */,
				4C325C291ABD84800067B902 /* OTRKitConcreteObject.h */,
				4C325C2A1ABD84800067B902 /* OTRKitConcreteObject.m */,
				4C325C2D1ABD84AC0067B902 /* OTRKitConcreteObjectPrivate.h */,
				4C325C2F1ABD86D00067B902 /* OTRKitPrivate.h */,
				4C4DDA7A1AAF6D5C00AB43DC /* OTRTLV.h */,
				4C4DDA7B1AAF6D5C00AB43DC /* OTRTLV.m */,
			);
			name = Core;
			sourceTree = "<group>";
		};
		4CB998491ABD246400BE7ADD /* Dialogs */ = {
			isa = PBXGroup;
			children = (
				4CB9984A1ABD247400BE7ADD /* Helpers */,
				4C9A21AA1AB68A750057677D /* OTRKitAuthenticationDialog.h */,
				4CB8782A1AB794E30033282C /* OTRKitAuthenticationDialogPrivate.h */,
				4C9A21AB1AB68A750057677D /* OTRKitAuthenticationDialog.m */,
				4C4AC3411CCC395C00FA336E /* OTRKitAuthenticationDialogIncoming.m */,
				4C4AC3421CCC395C00FA336E /* OTRKitAuthenticationDialogOutgoing.m */,
				4C3645051ABD08A6002A63AA /* OTRKitFingerprintManagerDialog.h */,
				4C3645091ABD0CE3002A63AA /* OTRKitFingerprintManagerDialogPrivate.h */,
				4C3645061ABD08A6002A63AA /* OTRKitFingerprintManagerDialog.m */,
			);
			name = Dialogs;
			sourceTree = "<group>";
		};
		4CB9984A1ABD247400BE7ADD /* Helpers */ = {
			isa = PBXGroup;
			children = (
				4C5229E51AB7E2A100731463 /* OTRKitAuthenticationDialogWindowManager.h */,
				4C5229E61AB7E2A100731463 /* OTRKitAuthenticationDialogWindowManager.m */,
				4C4AC33D1CCC040D00FA336E /* OTRKitAutoExpandingTextField.h */,
				4C4AC33E1CCC040D00FA336E /* OTRKitAutoExpandingTextField.m */,
				4CB9983F1ABD1FD000BE7ADD /* OTRKitFrameworkHelpers.h */,
				4CB998401ABD1FD000BE7ADD /* OTRKitFrameworkHelpers.m */,
			);
			name = Helpers;
			sourceTree = "<group>";
		};
		4CF40F761AC1A67100A26BE0 /* Property Lists */ = {
			isa = PBXGroup;
			children = (
				4C6990641A91015C00FB41B9 /* Info.plist */,
			);
			name = "Property Lists";
			sourceTree = "<group>";
		};
/* End PBXGroup section */

/* Begin PBXHeadersBuildPhase section */
		8DC2EF500486A6940098B216 /* Headers */ = {
			isa = PBXHeadersBuildPhase;
			buildActionMask = 2147483647;
			files = (
				4C7A18071ABE43E800EB304A /* EncryptionKit.h in Headers */,
				4C4DDA7E1AAF6D5C00AB43DC /* OTRTLV.h in Headers */,
				4C9A21AC1AB68A750057677D /* OTRKitAuthenticationDialog.h in Headers */,
				4C4AC33F1CCC040D00FA336E /* OTRKitAutoExpandingTextField.h in Headers */,
				4C325C2B1ABD84800067B902 /* OTRKitConcreteObject.h in Headers */,
				4C325C301ABD86D00067B902 /* OTRKitPrivate.h in Headers */,
				4C36450A1ABD0CE3002A63AA /* OTRKitFingerprintManagerDialogPrivate.h in Headers */,
				4C3645071ABD08A6002A63AA /* OTRKitFingerprintManagerDialog.h in Headers */,
				4CB998411ABD1FD000BE7ADD /* OTRKitFrameworkHelpers.h in Headers */,
				4C4DDA7C1AAF6D5C00AB43DC /* OTRKit.h in Headers */,
				4CB8782B1AB794E30033282C /* OTRKitAuthenticationDialogPrivate.h in Headers */,
				4C325C2E1ABD84AC0067B902 /* OTRKitConcreteObjectPrivate.h in Headers */,
				4C5229E71AB7E2A100731463 /* OTRKitAuthenticationDialogWindowManager.h in Headers */,
				4C6990611A91010B00FB41B9 /* EncryptionKit_Prefix.pch in Headers */,
			);
			runOnlyForDeploymentPostprocessing = 0;
		};
/* End PBXHeadersBuildPhase section */

/* Begin PBXNativeTarget section */
		8DC2EF4F0486A6940098B216 /* EncryptionKit.framework */ = {
			isa = PBXNativeTarget;
			buildConfigurationList = 1DEB91AD08733DA50010E9CD /* Build configuration list for PBXNativeTarget "EncryptionKit.framework" */;
			buildPhases = (
				8DC2EF500486A6940098B216 /* Headers */,
				8DC2EF540486A6940098B216 /* Sources */,
				8DC2EF560486A6940098B216 /* Frameworks */,
				4C69906C1A9105F300FB41B9 /* Resources */,
				4C505F8C1F37AEBF00FDE3B9 /* CopyFiles */,
				4CCA0AD41F37AF0E009BF01C /* CopyFiles */,
				4CCA0ADA1F37AF21009BF01C /* CopyFiles */,
				4CCA0ADF1F37AF42009BF01C /* CopyFiles */,
			);
			buildRules = (
			);
			dependencies = (
			);
			name = EncryptionKit.framework;
			productInstallPath = "$(HOME)/Library/Frameworks";
			productName = BlowfishEncryption;
			productReference = 8DC2EF5B0486A6940098B216 /* EncryptionKit.framework */;
			productType = "com.apple.product-type.framework";
		};
/* End PBXNativeTarget section */

/* Begin PBXProject section */
		0867D690FE84028FC02AAC07 /* Project object */ = {
			isa = PBXProject;
			attributes = {
				LastUpgradeCheck = 1100;
				TargetAttributes = {
					8DC2EF4F0486A6940098B216 = {
						ProvisioningStyle = Manual;
					};
				};
			};
			buildConfigurationList = 1DEB91B108733DA50010E9CD /* Build configuration list for PBXProject "Encryption Kit" */;
			compatibilityVersion = "Xcode 3.2";
			developmentRegion = en;
			hasScannedForEncodings = 1;
			knownRegions = (
				en,
				Base,
			);
			mainGroup = 0867D691FE84028FC02AAC07 /* BlowfishEncryption */;
			productRefGroup = 034768DFFF38A50411DB9C8B /* Products */;
			projectDirPath = "";
			projectRoot = "";
			targets = (
				8DC2EF4F0486A6940098B216 /* EncryptionKit.framework */,
			);
		};
/* End PBXProject section */

/* Begin PBXResourcesBuildPhase section */
		4C69906C1A9105F300FB41B9 /* Resources */ = {
			isa = PBXResourcesBuildPhase;
			buildActionMask = 2147483647;
			files = (
				4C97D00420F2855100656EB0 /* OTRKitAuthenticationDialogOutgoing.xib in Resources */,
				4C97D00620F2855100656EB0 /* OTRKitAuthenticationDialogIncoming.xib in Resources */,
				4C779C9D22A8F2E1006D780C /* OTRKitFingerprintManagerDialog.strings in Resources */,
				4C779C9E22A8F2E1006D780C /* OTRKitAuthenticationDialog.strings in Resources */,
				4C050D7D1AB919CA00A75CBC /* ACKNOWLEDGEMENT.txt in Resources */,
				4CCA0AE31F37AF79009BF01C /* LICENSE.txt in Resources */,
				4C97D00520F2855100656EB0 /* OTRKitFingerprintManagerDialog.xib in Resources */,
			);
			runOnlyForDeploymentPostprocessing = 0;
		};
/* End PBXResourcesBuildPhase section */

/* Begin PBXSourcesBuildPhase section */
		8DC2EF540486A6940098B216 /* Sources */ = {
			isa = PBXSourcesBuildPhase;
			buildActionMask = 2147483647;
			files = (
				4C4DDA7D1AAF6D5C00AB43DC /* OTRKit.m in Sources */,
				4C3645081ABD08A6002A63AA /* OTRKitFingerprintManagerDialog.m in Sources */,
				4C4AC3441CCC395C00FA336E /* OTRKitAuthenticationDialogOutgoing.m in Sources */,
				4C9A21AD1AB68A750057677D /* OTRKitAuthenticationDialog.m in Sources */,
				4C4AC3431CCC395C00FA336E /* OTRKitAuthenticationDialogIncoming.m in Sources */,
				4C325C2C1ABD84800067B902 /* OTRKitConcreteObject.m in Sources */,
				4C4DDA7F1AAF6D5C00AB43DC /* OTRTLV.m in Sources */,
				4C5229E81AB7E2A100731463 /* OTRKitAuthenticationDialogWindowManager.m in Sources */,
				4C4AC3401CCC040D00FA336E /* OTRKitAutoExpandingTextField.m in Sources */,
				4CB998421ABD1FD000BE7ADD /* OTRKitFrameworkHelpers.m in Sources */,
			);
			runOnlyForDeploymentPostprocessing = 0;
		};
/* End PBXSourcesBuildPhase section */

/* Begin PBXVariantGroup section */
		4C779C9922A8F2E1006D780C /* OTRKitFingerprintManagerDialog.strings */ = {
			isa = PBXVariantGroup;
			children = (
				4C779C9A22A8F2E1006D780C /* Base */,
			);
			name = OTRKitFingerprintManagerDialog.strings;
			sourceTree = "<group>";
		};
		4C779C9B22A8F2E1006D780C /* OTRKitAuthenticationDialog.strings */ = {
			isa = PBXVariantGroup;
			children = (
				4C779C9C22A8F2E1006D780C /* Base */,
			);
			name = OTRKitAuthenticationDialog.strings;
			sourceTree = "<group>";
		};
		4C97CFFE20F2855100656EB0 /* OTRKitAuthenticationDialogOutgoing.xib */ = {
			isa = PBXVariantGroup;
			children = (
				4C779C9722A8F2A9006D780C /* Base */,
			);
			name = OTRKitAuthenticationDialogOutgoing.xib;
			sourceTree = "<group>";
		};
		4C97D00020F2855100656EB0 /* OTRKitFingerprintManagerDialog.xib */ = {
			isa = PBXVariantGroup;
			children = (
				4C779C9822A8F2A9006D780C /* Base */,
			);
			name = OTRKitFingerprintManagerDialog.xib;
			sourceTree = "<group>";
		};
		4C97D00220F2855100656EB0 /* OTRKitAuthenticationDialogIncoming.xib */ = {
			isa = PBXVariantGroup;
			children = (
				4C779C9622A8F2A9006D780C /* Base */,
			);
			name = OTRKitAuthenticationDialogIncoming.xib;
			sourceTree = "<group>";
		};
/* End PBXVariantGroup section */

/* Begin XCBuildConfiguration section */
		1DEB91AF08733DA50010E9CD /* Release */ = {
			isa = XCBuildConfiguration;
			buildSettings = {
				FRAMEWORK_VERSION = A;
				GCC_PREFIX_HEADER = Classes/EncryptionKit_Prefix.pch;
				INFOPLIST_FILE = Resources/Info.plist;
				PRODUCT_BUNDLE_IDENTIFIER = com.codeux.frameworks.encryptionKit;
				PRODUCT_NAME = EncryptionKit;
				WRAPPER_EXTENSION = framework;
			};
			name = Release;
		};
		1DEB91B308733DA50010E9CD /* Release */ = {
			isa = XCBuildConfiguration;
			baseConfigurationReference = 4CF40F771AC1A6D300A26BE0 /* Build Configuration.xcconfig */;
			buildSettings = {
			};
			name = Release;
		};
/* End XCBuildConfiguration section */

/* Begin XCConfigurationList section */
		1DEB91AD08733DA50010E9CD /* Build configuration list for PBXNativeTarget "EncryptionKit.framework" */ = {
			isa = XCConfigurationList;
			buildConfigurations = (
				1DEB91AF08733DA50010E9CD /* Release */,
			);
			defaultConfigurationIsVisible = 0;
			defaultConfigurationName = Release;
		};
		1DEB91B108733DA50010E9CD /* Build configuration list for PBXProject "Encryption Kit" */ = {
			isa = XCConfigurationList;
			buildConfigurations = (
				1DEB91B308733DA50010E9CD /* Release */,
			);
			defaultConfigurationIsVisible = 0;
			defaultConfigurationName = Release;
		};
/* End XCConfigurationList section */
	};
	rootObject = 0867D690FE84028FC02AAC07 /* Project object */;
}
